
Microsoft Visual Studio Solution File, Format Version 12.00
# Visual Studio 14
VisualStudioVersion = 14.0.25420.1
MinimumVisualStudioVersion = 10.0.40219.1
Project("{8BC9CEB8-8B4A-11D0-8D11-00A0C91BC942}") = "ArxEmpty", "ArxEmpty\ArxEmpty.vcxproj", "{DC63CD44-212D-4F91-8E7B-FBC05A45D379}"
EndProject
Global
	GlobalSection(SolutionConfigurationPlatforms) = preSolution
		Debug|x64 = Debug|x64
		Debug|x86 = Debug|x86
		Release|x64 = Release|x64
		Release|x86 = Release|x86
	EndGlobalSection
	GlobalSection(ProjectConfigurationPlatforms) = postSolution
		{DC63CD44-212D-4F91-8E7B-FBC05A45D379}.Debug|x64.ActiveCfg = Debug|x64
		{DC63CD44-212D-4F91-8E7B-FBC05A45D379}.Debug|x64.Build.0 = Debug|x64
		{DC63CD44-212D-4F91-8E7B-FBC05A45D379}.Debug|x86.ActiveCfg = Debug|Win32
		{DC63CD44-212D-4F91-8E7B-FBC05A45D379}.Debug|x86.Build.0 = Debug|Win32
		{DC63CD44-212D-4F91-8E7B-FBC05A45D379}.Release|x64.ActiveCfg = Release|x64
		{DC63CD44-212D-4F91-8E7B-FBC05A45D379}.Release|x64.Build.0 = Release|x64
		{DC63CD44-212D-4F91-8E7B-FBC05A45D379}.Release|x86.ActiveCfg = Release|Win32
		{DC63CD44-212D-4F91-8E7B-FBC05A45D379}.Release|x86.Build.0 = Release|Win32
	EndGlobalSection
	GlobalSection(SolutionProperties) = preSolution
		HideSolutionNode = FALSE
	EndGlobalSection
EndGlobal
